
Microsoft Visual Studio Solution File, Format Version 12.00
# Visual Studio 2015
Project("{FAE04EC0-301F-11D3-BF4B-00C04F79EFBC}") = "vvversion9.CSharp", "vvversion9.CSharp.csproj", "{840C1A7C-4CA1-161B-D34C-C9BFE8306561}"
EndProject
Project("{FAE04EC0-301F-11D3-BF4B-00C04F79EFBC}") = "vvversion9.CSharp.Editor", "vvversion9.CSharp.Editor.csproj", "{3C5820F4-86A7-0549-5FB2-0499280E3CC6}"
EndProject
Global
	GlobalSection(SolutionConfigurationPlatforms) = preSolution
		Debug|Any CPU = Debug|Any CPU
		Release|Any CPU = Release|Any CPU
	EndGlobalSection
	GlobalSection(ProjectConfigurationPlatforms) = postSolution
		{840C1A7C-4CA1-161B-D34C-C9BFE8306561}.Debug|Any CPU.ActiveCfg = Debug|Any CPU
		{840C1A7C-4CA1-161B-D34C-C9BFE8306561}.Debug|Any CPU.Build.0 = Debug|Any CPU
		{840C1A7C-4CA1-161B-D34C-C9BFE8306561}.Release|Any CPU.ActiveCfg = Release|Any CPU
		{840C1A7C-4CA1-161B-D34C-C9BFE8306561}.Release|Any CPU.Build.0 = Release|Any CPU
		{3C5820F4-86A7-0549-5FB2-0499280E3CC6}.Debug|Any CPU.ActiveCfg = Debug|Any CPU
		{3C5820F4-86A7-0549-5FB2-0499280E3CC6}.Debug|Any CPU.Build.0 = Debug|Any CPU
		{3C5820F4-86A7-0549-5FB2-0499280E3CC6}.Release|Any CPU.ActiveCfg = Release|Any CPU
		{3C5820F4-86A7-0549-5FB2-0499280E3CC6}.Release|Any CPU.Build.0 = Release|Any CPU
	EndGlobalSection
	GlobalSection(SolutionProperties) = preSolution
		HideSolutionNode = FALSE
	EndGlobalSection
EndGlobal
