Microsoft Visual Studio Solution File, Format Version 11.00
# Visual Studio 2008

Project("{9693E74B-8DE7-D602-02CE-ACDDB5038E62}") = "version4", "Assembly-CSharp.csproj", "{2757E0BF-5BEF-00D5-9482-D6F639A58B60}"
EndProject
Project("{9693E74B-8DE7-D602-02CE-ACDDB5038E62}") = "version4", "Assembly-CSharp-Editor.csproj", "{9E6C6D49-9805-893A-DB92-00EC30417D78}"
EndProject
Project("{9693E74B-8DE7-D602-02CE-ACDDB5038E62}") = "version4", "Assembly-UnityScript-Editor-firstpass.unityproj", "{AFA8ECB7-8F7C-67DF-BC46-6372A47C8642}"
EndProject
Global
	GlobalSection(SolutionConfigurationPlatforms) = preSolution
		Debug|Any CPU = Debug|Any CPU
		Release|Any CPU = Release|Any CPU
	EndGlobalSection
	GlobalSection(ProjectConfigurationPlatforms) = postSolution
		{2757E0BF-5BEF-00D5-9482-D6F639A58B60}.Debug|Any CPU.ActiveCfg = Debug|Any CPU
		{2757E0BF-5BEF-00D5-9482-D6F639A58B60}.Debug|Any CPU.Build.0 = Debug|Any CPU
		{2757E0BF-5BEF-00D5-9482-D6F639A58B60}.Release|Any CPU.ActiveCfg = Release|Any CPU
		{2757E0BF-5BEF-00D5-9482-D6F639A58B60}.Release|Any CPU.Build.0 = Release|Any CPU
		{9E6C6D49-9805-893A-DB92-00EC30417D78}.Debug|Any CPU.ActiveCfg = Debug|Any CPU
		{9E6C6D49-9805-893A-DB92-00EC30417D78}.Debug|Any CPU.Build.0 = Debug|Any CPU
		{9E6C6D49-9805-893A-DB92-00EC30417D78}.Release|Any CPU.ActiveCfg = Release|Any CPU
		{9E6C6D49-9805-893A-DB92-00EC30417D78}.Release|Any CPU.Build.0 = Release|Any CPU
		{AFA8ECB7-8F7C-67DF-BC46-6372A47C8642}.Debug|Any CPU.ActiveCfg = Debug|Any CPU
		{AFA8ECB7-8F7C-67DF-BC46-6372A47C8642}.Debug|Any CPU.Build.0 = Debug|Any CPU
		{AFA8ECB7-8F7C-67DF-BC46-6372A47C8642}.Release|Any CPU.ActiveCfg = Release|Any CPU
		{AFA8ECB7-8F7C-67DF-BC46-6372A47C8642}.Release|Any CPU.Build.0 = Release|Any CPU
	EndGlobalSection
	GlobalSection(SolutionProperties) = preSolution
		HideSolutionNode = FALSE
	EndGlobalSection
	GlobalSection(MonoDevelopProperties) = preSolution
		StartupItem = Assembly-CSharp.csproj
	EndGlobalSection
EndGlobal
