Microsoft Visual Studio Solution File, Format Version 11.00
# Visual Studio 2008

Project("{2143AE88-66E9-254B-C795-2416D0B811D4}") = "version6", "Assembly-CSharp.csproj", "{06C0F113-F3E3-3E40-51CD-34E62AC3C51F}"
EndProject
Project("{2143AE88-66E9-254B-C795-2416D0B811D4}") = "version6", "Assembly-CSharp-Editor.csproj", "{991B419B-3AE4-5C72-4CBA-296E6F751B65}"
EndProject
Project("{2143AE88-66E9-254B-C795-2416D0B811D4}") = "version6", "Assembly-UnityScript-Editor-firstpass.unityproj", "{47870F44-381D-FF08-E006-00588DFA9EB3}"
EndProject
Global
	GlobalSection(SolutionConfigurationPlatforms) = preSolution
		Debug|Any CPU = Debug|Any CPU
		Release|Any CPU = Release|Any CPU
	EndGlobalSection
	GlobalSection(ProjectConfigurationPlatforms) = postSolution
		{06C0F113-F3E3-3E40-51CD-34E62AC3C51F}.Debug|Any CPU.ActiveCfg = Debug|Any CPU
		{06C0F113-F3E3-3E40-51CD-34E62AC3C51F}.Debug|Any CPU.Build.0 = Debug|Any CPU
		{06C0F113-F3E3-3E40-51CD-34E62AC3C51F}.Release|Any CPU.ActiveCfg = Release|Any CPU
		{06C0F113-F3E3-3E40-51CD-34E62AC3C51F}.Release|Any CPU.Build.0 = Release|Any CPU
		{991B419B-3AE4-5C72-4CBA-296E6F751B65}.Debug|Any CPU.ActiveCfg = Debug|Any CPU
		{991B419B-3AE4-5C72-4CBA-296E6F751B65}.Debug|Any CPU.Build.0 = Debug|Any CPU
		{991B419B-3AE4-5C72-4CBA-296E6F751B65}.Release|Any CPU.ActiveCfg = Release|Any CPU
		{991B419B-3AE4-5C72-4CBA-296E6F751B65}.Release|Any CPU.Build.0 = Release|Any CPU
		{47870F44-381D-FF08-E006-00588DFA9EB3}.Debug|Any CPU.ActiveCfg = Debug|Any CPU
		{47870F44-381D-FF08-E006-00588DFA9EB3}.Debug|Any CPU.Build.0 = Debug|Any CPU
		{47870F44-381D-FF08-E006-00588DFA9EB3}.Release|Any CPU.ActiveCfg = Release|Any CPU
		{47870F44-381D-FF08-E006-00588DFA9EB3}.Release|Any CPU.Build.0 = Release|Any CPU
	EndGlobalSection
	GlobalSection(SolutionProperties) = preSolution
		HideSolutionNode = FALSE
	EndGlobalSection
	GlobalSection(MonoDevelopProperties) = preSolution
		StartupItem = Assembly-CSharp.csproj
	EndGlobalSection
EndGlobal
