
Microsoft Visual Studio Solution File, Format Version 12.00
# Visual Studio 2015
Project("{FAE04EC0-301F-11D3-BF4B-00C04F79EFBC}") = "version5.CSharp", "version5.CSharp.csproj", "{8054243C-9EE1-582D-AE4A-1E6002113E2C}"
EndProject
Project("{FAE04EC0-301F-11D3-BF4B-00C04F79EFBC}") = "version5.CSharp.Editor", "version5.CSharp.Editor.csproj", "{F1F7EFA5-9197-2361-582E-C1C7ED764FC7}"
EndProject
Global
	GlobalSection(SolutionConfigurationPlatforms) = preSolution
		Debug|Any CPU = Debug|Any CPU
		Release|Any CPU = Release|Any CPU
	EndGlobalSection
	GlobalSection(ProjectConfigurationPlatforms) = postSolution
		{8054243C-9EE1-582D-AE4A-1E6002113E2C}.Debug|Any CPU.ActiveCfg = Debug|Any CPU
		{8054243C-9EE1-582D-AE4A-1E6002113E2C}.Debug|Any CPU.Build.0 = Debug|Any CPU
		{8054243C-9EE1-582D-AE4A-1E6002113E2C}.Release|Any CPU.ActiveCfg = Release|Any CPU
		{8054243C-9EE1-582D-AE4A-1E6002113E2C}.Release|Any CPU.Build.0 = Release|Any CPU
		{F1F7EFA5-9197-2361-582E-C1C7ED764FC7}.Debug|Any CPU.ActiveCfg = Debug|Any CPU
		{F1F7EFA5-9197-2361-582E-C1C7ED764FC7}.Debug|Any CPU.Build.0 = Debug|Any CPU
		{F1F7EFA5-9197-2361-582E-C1C7ED764FC7}.Release|Any CPU.ActiveCfg = Release|Any CPU
		{F1F7EFA5-9197-2361-582E-C1C7ED764FC7}.Release|Any CPU.Build.0 = Release|Any CPU
	EndGlobalSection
	GlobalSection(SolutionProperties) = preSolution
		HideSolutionNode = FALSE
	EndGlobalSection
EndGlobal
