
Microsoft Visual Studio Solution File, Format Version 12.00
# Visual Studio 2015
Project("{FAE04EC0-301F-11D3-BF4B-00C04F79EFBC}") = "version19.CSharp", "version19.CSharp.csproj", "{CEA6B614-2A06-4E5F-ED5D-6963F6032076}"
EndProject
Project("{FAE04EC0-301F-11D3-BF4B-00C04F79EFBC}") = "version19.CSharp.Editor", "version19.CSharp.Editor.csproj", "{049563D6-9AAC-17E8-7D28-D7A7C226AB9C}"
EndProject
Global
	GlobalSection(SolutionConfigurationPlatforms) = preSolution
		Debug|Any CPU = Debug|Any CPU
		Release|Any CPU = Release|Any CPU
	EndGlobalSection
	GlobalSection(ProjectConfigurationPlatforms) = postSolution
		{CEA6B614-2A06-4E5F-ED5D-6963F6032076}.Debug|Any CPU.ActiveCfg = Debug|Any CPU
		{CEA6B614-2A06-4E5F-ED5D-6963F6032076}.Debug|Any CPU.Build.0 = Debug|Any CPU
		{CEA6B614-2A06-4E5F-ED5D-6963F6032076}.Release|Any CPU.ActiveCfg = Release|Any CPU
		{CEA6B614-2A06-4E5F-ED5D-6963F6032076}.Release|Any CPU.Build.0 = Release|Any CPU
		{049563D6-9AAC-17E8-7D28-D7A7C226AB9C}.Debug|Any CPU.ActiveCfg = Debug|Any CPU
		{049563D6-9AAC-17E8-7D28-D7A7C226AB9C}.Debug|Any CPU.Build.0 = Debug|Any CPU
		{049563D6-9AAC-17E8-7D28-D7A7C226AB9C}.Release|Any CPU.ActiveCfg = Release|Any CPU
		{049563D6-9AAC-17E8-7D28-D7A7C226AB9C}.Release|Any CPU.Build.0 = Release|Any CPU
	EndGlobalSection
	GlobalSection(SolutionProperties) = preSolution
		HideSolutionNode = FALSE
	EndGlobalSection
EndGlobal
