
Microsoft Visual Studio Solution File, Format Version 12.00
# Visual Studio 2015
Project("{FAE04EC0-301F-11D3-BF4B-00C04F79EFBC}") = "version9M.CSharp", "version9M.CSharp.csproj", "{F747CE94-7177-C378-F940-74C6D901AC65}"
EndProject
Project("{FAE04EC0-301F-11D3-BF4B-00C04F79EFBC}") = "version9M.CSharp.Editor", "version9M.CSharp.Editor.csproj", "{6407D45B-CB4E-F701-2F2E-2F2E1B60A527}"
EndProject
Global
	GlobalSection(SolutionConfigurationPlatforms) = preSolution
		Debug|Any CPU = Debug|Any CPU
		Release|Any CPU = Release|Any CPU
	EndGlobalSection
	GlobalSection(ProjectConfigurationPlatforms) = postSolution
		{F747CE94-7177-C378-F940-74C6D901AC65}.Debug|Any CPU.ActiveCfg = Debug|Any CPU
		{F747CE94-7177-C378-F940-74C6D901AC65}.Debug|Any CPU.Build.0 = Debug|Any CPU
		{F747CE94-7177-C378-F940-74C6D901AC65}.Release|Any CPU.ActiveCfg = Release|Any CPU
		{F747CE94-7177-C378-F940-74C6D901AC65}.Release|Any CPU.Build.0 = Release|Any CPU
		{6407D45B-CB4E-F701-2F2E-2F2E1B60A527}.Debug|Any CPU.ActiveCfg = Debug|Any CPU
		{6407D45B-CB4E-F701-2F2E-2F2E1B60A527}.Debug|Any CPU.Build.0 = Debug|Any CPU
		{6407D45B-CB4E-F701-2F2E-2F2E1B60A527}.Release|Any CPU.ActiveCfg = Release|Any CPU
		{6407D45B-CB4E-F701-2F2E-2F2E1B60A527}.Release|Any CPU.Build.0 = Release|Any CPU
	EndGlobalSection
	GlobalSection(SolutionProperties) = preSolution
		HideSolutionNode = FALSE
	EndGlobalSection
EndGlobal
