
Microsoft Visual Studio Solution File, Format Version 12.00
# Visual Studio 2015
Project("{FAE04EC0-301F-11D3-BF4B-00C04F79EFBC}") = "version9.CSharp", "version9.CSharp.csproj", "{68808A77-8709-7700-9AEE-969599EA5522}"
EndProject
Project("{FAE04EC0-301F-11D3-BF4B-00C04F79EFBC}") = "version9.CSharp.Editor", "version9.CSharp.Editor.csproj", "{D38CB924-A054-455B-DAD9-339E99D43851}"
EndProject
Global
	GlobalSection(SolutionConfigurationPlatforms) = preSolution
		Debug|Any CPU = Debug|Any CPU
		Release|Any CPU = Release|Any CPU
	EndGlobalSection
	GlobalSection(ProjectConfigurationPlatforms) = postSolution
		{68808A77-8709-7700-9AEE-969599EA5522}.Debug|Any CPU.ActiveCfg = Debug|Any CPU
		{68808A77-8709-7700-9AEE-969599EA5522}.Debug|Any CPU.Build.0 = Debug|Any CPU
		{68808A77-8709-7700-9AEE-969599EA5522}.Release|Any CPU.ActiveCfg = Release|Any CPU
		{68808A77-8709-7700-9AEE-969599EA5522}.Release|Any CPU.Build.0 = Release|Any CPU
		{D38CB924-A054-455B-DAD9-339E99D43851}.Debug|Any CPU.ActiveCfg = Debug|Any CPU
		{D38CB924-A054-455B-DAD9-339E99D43851}.Debug|Any CPU.Build.0 = Debug|Any CPU
		{D38CB924-A054-455B-DAD9-339E99D43851}.Release|Any CPU.ActiveCfg = Release|Any CPU
		{D38CB924-A054-455B-DAD9-339E99D43851}.Release|Any CPU.Build.0 = Release|Any CPU
	EndGlobalSection
	GlobalSection(SolutionProperties) = preSolution
		HideSolutionNode = FALSE
	EndGlobalSection
EndGlobal
